
Microsoft Visual Studio Solution File, Format Version 12.00
# Visual Studio 15
VisualStudioVersion = 15.0.27703.2026
MinimumVisualStudioVersion = 10.0.40219.1
Project("{FAE04EC0-301F-11D3-BF4B-00C04F79EFBC}") = "ConcatNamesApp.Android", "ConcatNamesApp\ConcatNamesApp.Android\ConcatNamesApp.Android.csproj", "{53081968-8EE9-4C75-A8DB-90BC2D1BAB09}"
EndProject
Project("{FAE04EC0-301F-11D3-BF4B-00C04F79EFBC}") = "ConcatNamesApp.iOS", "ConcatNamesApp\ConcatNamesApp.iOS\ConcatNamesApp.iOS.csproj", "{4B9F445E-0018-4E17-95D5-BE7095702834}"
EndProject
Project("{FAE04EC0-301F-11D3-BF4B-00C04F79EFBC}") = "ConcatNamesApp.UWP", "ConcatNamesApp\ConcatNamesApp.UWP\ConcatNamesApp.UWP.csproj", "{CA528B2F-E72A-4340-B75A-E0EBEEB01FC7}"
EndProject
Project("{FAE04EC0-301F-11D3-BF4B-00C04F79EFBC}") = "ConcatNamesApp", "ConcatNamesApp\ConcatNamesApp\ConcatNamesApp.csproj", "{E20A5FEA-B1FC-4E2E-90F9-15755FD0FA07}"
EndProject
Global
	GlobalSection(SolutionConfigurationPlatforms) = preSolution
		Ad-Hoc|Any CPU = Ad-Hoc|Any CPU
		Ad-Hoc|ARM = Ad-Hoc|ARM
		Ad-Hoc|iPhone = Ad-Hoc|iPhone
		Ad-Hoc|iPhoneSimulator = Ad-Hoc|iPhoneSimulator
		Ad-Hoc|x64 = Ad-Hoc|x64
		Ad-Hoc|x86 = Ad-Hoc|x86
		AppStore|Any CPU = AppStore|Any CPU
		AppStore|ARM = AppStore|ARM
		AppStore|iPhone = AppStore|iPhone
		AppStore|iPhoneSimulator = AppStore|iPhoneSimulator
		AppStore|x64 = AppStore|x64
		AppStore|x86 = AppStore|x86
		Debug|Any CPU = Debug|Any CPU
		Debug|ARM = Debug|ARM
		Debug|iPhone = Debug|iPhone
		Debug|iPhoneSimulator = Debug|iPhoneSimulator
		Debug|x64 = Debug|x64
		Debug|x86 = Debug|x86
		Release|Any CPU = Release|Any CPU
		Release|ARM = Release|ARM
		Release|iPhone = Release|iPhone
		Release|iPhoneSimulator = Release|iPhoneSimulator
		Release|x64 = Release|x64
		Release|x86 = Release|x86
	EndGlobalSection
	GlobalSection(ProjectConfigurationPlatforms) = postSolution
		{53081968-8EE9-4C75-A8DB-90BC2D1BAB09}.Ad-Hoc|Any CPU.ActiveCfg = Release|Any CPU
		{53081968-8EE9-4C75-A8DB-90BC2D1BAB09}.Ad-Hoc|Any CPU.Build.0 = Release|Any CPU
		{53081968-8EE9-4C75-A8DB-90BC2D1BAB09}.Ad-Hoc|Any CPU.Deploy.0 = Release|Any CPU
		{53081968-8EE9-4C75-A8DB-90BC2D1BAB09}.Ad-Hoc|ARM.ActiveCfg = Release|Any CPU
		{53081968-8EE9-4C75-A8DB-90BC2D1BAB09}.Ad-Hoc|ARM.Build.0 = Release|Any CPU
		{53081968-8EE9-4C75-A8DB-90BC2D1BAB09}.Ad-Hoc|ARM.Deploy.0 = Release|Any CPU
		{53081968-8EE9-4C75-A8DB-90BC2D1BAB09}.Ad-Hoc|iPhone.ActiveCfg = Release|Any CPU
		{53081968-8EE9-4C75-A8DB-90BC2D1BAB09}.Ad-Hoc|iPhone.Build.0 = Release|Any CPU
		{53081968-8EE9-4C75-A8DB-90BC2D1BAB09}.Ad-Hoc|iPhone.Deploy.0 = Release|Any CPU
		{53081968-8EE9-4C75-A8DB-90BC2D1BAB09}.Ad-Hoc|iPhoneSimulator.ActiveCfg = Release|Any CPU
		{53081968-8EE9-4C75-A8DB-90BC2D1BAB09}.Ad-Hoc|iPhoneSimulator.Build.0 = Release|Any CPU
		{53081968-8EE9-4C75-A8DB-90BC2D1BAB09}.Ad-Hoc|iPhoneSimulator.Deploy.0 = Release|Any CPU
		{53081968-8EE9-4C75-A8DB-90BC2D1BAB09}.Ad-Hoc|x64.ActiveCfg = Release|Any CPU
		{53081968-8EE9-4C75-A8DB-90BC2D1BAB09}.Ad-Hoc|x64.Build.0 = Release|Any CPU
		{53081968-8EE9-4C75-A8DB-90BC2D1BAB09}.Ad-Hoc|x64.Deploy.0 = Release|Any CPU
		{53081968-8EE9-4C75-A8DB-90BC2D1BAB09}.Ad-Hoc|x86.ActiveCfg = Release|Any CPU
		{53081968-8EE9-4C75-A8DB-90BC2D1BAB09}.Ad-Hoc|x86.Build.0 = Release|Any CPU
		{53081968-8EE9-4C75-A8DB-90BC2D1BAB09}.Ad-Hoc|x86.Deploy.0 = Release|Any CPU
		{53081968-8EE9-4C75-A8DB-90BC2D1BAB09}.AppStore|Any CPU.ActiveCfg = Release|Any CPU
		{53081968-8EE9-4C75-A8DB-90BC2D1BAB09}.AppStore|Any CPU.Build.0 = Release|Any CPU
		{53081968-8EE9-4C75-A8DB-90BC2D1BAB09}.AppStore|Any CPU.Deploy.0 = Release|Any CPU
		{53081968-8EE9-4C75-A8DB-90BC2D1BAB09}.AppStore|ARM.ActiveCfg = Release|Any CPU
		{53081968-8EE9-4C75-A8DB-90BC2D1BAB09}.AppStore|ARM.Build.0 = Release|Any CPU
		{53081968-8EE9-4C75-A8DB-90BC2D1BAB09}.AppStore|ARM.Deploy.0 = Release|Any CPU
		{53081968-8EE9-4C75-A8DB-90BC2D1BAB09}.AppStore|iPhone.ActiveCfg = Release|Any CPU
		{53081968-8EE9-4C75-A8DB-90BC2D1BAB09}.AppStore|iPhone.Build.0 = Release|Any CPU
		{53081968-8EE9-4C75-A8DB-90BC2D1BAB09}.AppStore|iPhone.Deploy.0 = Release|Any CPU
		{53081968-8EE9-4C75-A8DB-90BC2D1BAB09}.AppStore|iPhoneSimulator.ActiveCfg = Release|Any CPU
		{53081968-8EE9-4C75-A8DB-90BC2D1BAB09}.AppStore|iPhoneSimulator.Build.0 = Release|Any CPU
		{53081968-8EE9-4C75-A8DB-90BC2D1BAB09}.AppStore|iPhoneSimulator.Deploy.0 = Release|Any CPU
		{53081968-8EE9-4C75-A8DB-90BC2D1BAB09}.AppStore|x64.ActiveCfg = Release|Any CPU
		{53081968-8EE9-4C75-A8DB-90BC2D1BAB09}.AppStore|x64.Build.0 = Release|Any CPU
		{53081968-8EE9-4C75-A8DB-90BC2D1BAB09}.AppStore|x64.Deploy.0 = Release|Any CPU
		{53081968-8EE9-4C75-A8DB-90BC2D1BAB09}.AppStore|x86.ActiveCfg = Release|Any CPU
		{53081968-8EE9-4C75-A8DB-90BC2D1BAB09}.AppStore|x86.Build.0 = Release|Any CPU
		{53081968-8EE9-4C75-A8DB-90BC2D1BAB09}.AppStore|x86.Deploy.0 = Release|Any CPU
		{53081968-8EE9-4C75-A8DB-90BC2D1BAB09}.Debug|Any CPU.ActiveCfg = Debug|Any CPU
		{53081968-8EE9-4C75-A8DB-90BC2D1BAB09}.Debug|Any CPU.Build.0 = Debug|Any CPU
		{53081968-8EE9-4C75-A8DB-90BC2D1BAB09}.Debug|Any CPU.Deploy.0 = Debug|Any CPU
		{53081968-8EE9-4C75-A8DB-90BC2D1BAB09}.Debug|ARM.ActiveCfg = Debug|Any CPU
		{53081968-8EE9-4C75-A8DB-90BC2D1BAB09}.Debug|ARM.Build.0 = Debug|Any CPU
		{53081968-8EE9-4C75-A8DB-90BC2D1BAB09}.Debug|ARM.Deploy.0 = Debug|Any CPU
		{53081968-8EE9-4C75-A8DB-90BC2D1BAB09}.Debug|iPhone.ActiveCfg = Debug|Any CPU
		{53081968-8EE9-4C75-A8DB-90BC2D1BAB09}.Debug|iPhone.Build.0 = Debug|Any CPU
		{53081968-8EE9-4C75-A8DB-90BC2D1BAB09}.Debug|iPhone.Deploy.0 = Debug|Any CPU
		{53081968-8EE9-4C75-A8DB-90BC2D1BAB09}.Debug|iPhoneSimulator.ActiveCfg = Debug|Any CPU
		{53081968-8EE9-4C75-A8DB-90BC2D1BAB09}.Debug|iPhoneSimulator.Build.0 = Debug|Any CPU
		{53081968-8EE9-4C75-A8DB-90BC2D1BAB09}.Debug|iPhoneSimulator.Deploy.0 = Debug|Any CPU
		{53081968-8EE9-4C75-A8DB-90BC2D1BAB09}.Debug|x64.ActiveCfg = Debug|Any CPU
		{53081968-8EE9-4C75-A8DB-90BC2D1BAB09}.Debug|x64.Build.0 = Debug|Any CPU
		{53081968-8EE9-4C75-A8DB-90BC2D1BAB09}.Debug|x64.Deploy.0 = Debug|Any CPU
		{53081968-8EE9-4C75-A8DB-90BC2D1BAB09}.Debug|x86.ActiveCfg = Debug|Any CPU
		{53081968-8EE9-4C75-A8DB-90BC2D1BAB09}.Debug|x86.Build.0 = Debug|Any CPU
		{53081968-8EE9-4C75-A8DB-90BC2D1BAB09}.Debug|x86.Deploy.0 = Debug|Any CPU
		{53081968-8EE9-4C75-A8DB-90BC2D1BAB09}.Release|Any CPU.ActiveCfg = Release|Any CPU
		{53081968-8EE9-4C75-A8DB-90BC2D1BAB09}.Release|Any CPU.Build.0 = Release|Any CPU
		{53081968-8EE9-4C75-A8DB-90BC2D1BAB09}.Release|Any CPU.Deploy.0 = Release|Any CPU
		{53081968-8EE9-4C75-A8DB-90BC2D1BAB09}.Release|ARM.ActiveCfg = Release|Any CPU
		{53081968-8EE9-4C75-A8DB-90BC2D1BAB09}.Release|ARM.Build.0 = Release|Any CPU
		{53081968-8EE9-4C75-A8DB-90BC2D1BAB09}.Release|ARM.Deploy.0 = Release|Any CPU
		{53081968-8EE9-4C75-A8DB-90BC2D1BAB09}.Release|iPhone.ActiveCfg = Release|Any CPU
		{53081968-8EE9-4C75-A8DB-90BC2D1BAB09}.Release|iPhone.Build.0 = Release|Any CPU
		{53081968-8EE9-4C75-A8DB-90BC2D1BAB09}.Release|iPhone.Deploy.0 = Release|Any CPU
		{53081968-8EE9-4C75-A8DB-90BC2D1BAB09}.Release|iPhoneSimulator.ActiveCfg = Release|Any CPU
		{53081968-8EE9-4C75-A8DB-90BC2D1BAB09}.Release|iPhoneSimulator.Build.0 = Release|Any CPU
		{53081968-8EE9-4C75-A8DB-90BC2D1BAB09}.Release|iPhoneSimulator.Deploy.0 = Release|Any CPU
		{53081968-8EE9-4C75-A8DB-90BC2D1BAB09}.Release|x64.ActiveCfg = Release|Any CPU
		{53081968-8EE9-4C75-A8DB-90BC2D1BAB09}.Release|x64.Build.0 = Release|Any CPU
		{53081968-8EE9-4C75-A8DB-90BC2D1BAB09}.Release|x64.Deploy.0 = Release|Any CPU
		{53081968-8EE9-4C75-A8DB-90BC2D1BAB09}.Release|x86.ActiveCfg = Release|Any CPU
		{53081968-8EE9-4C75-A8DB-90BC2D1BAB09}.Release|x86.Build.0 = Release|Any CPU
		{53081968-8EE9-4C75-A8DB-90BC2D1BAB09}.Release|x86.Deploy.0 = Release|Any CPU
		{4B9F445E-0018-4E17-95D5-BE7095702834}.Ad-Hoc|Any CPU.ActiveCfg = Ad-Hoc|iPhone
		{4B9F445E-0018-4E17-95D5-BE7095702834}.Ad-Hoc|Any CPU.Build.0 = Ad-Hoc|iPhone
		{4B9F445E-0018-4E17-95D5-BE7095702834}.Ad-Hoc|Any CPU.Deploy.0 = Ad-Hoc|iPhone
		{4B9F445E-0018-4E17-95D5-BE7095702834}.Ad-Hoc|ARM.ActiveCfg = Ad-Hoc|iPhone
		{4B9F445E-0018-4E17-95D5-BE7095702834}.Ad-Hoc|ARM.Build.0 = Ad-Hoc|iPhone
		{4B9F445E-0018-4E17-95D5-BE7095702834}.Ad-Hoc|ARM.Deploy.0 = Ad-Hoc|iPhone
		{4B9F445E-0018-4E17-95D5-BE7095702834}.Ad-Hoc|iPhone.ActiveCfg = Ad-Hoc|iPhone
		{4B9F445E-0018-4E17-95D5-BE7095702834}.Ad-Hoc|iPhone.Build.0 = Ad-Hoc|iPhone
		{4B9F445E-0018-4E17-95D5-BE7095702834}.Ad-Hoc|iPhone.Deploy.0 = Ad-Hoc|iPhone
		{4B9F445E-0018-4E17-95D5-BE7095702834}.Ad-Hoc|iPhoneSimulator.ActiveCfg = Ad-Hoc|iPhoneSimulator
		{4B9F445E-0018-4E17-95D5-BE7095702834}.Ad-Hoc|iPhoneSimulator.Build.0 = Ad-Hoc|iPhoneSimulator
		{4B9F445E-0018-4E17-95D5-BE7095702834}.Ad-Hoc|iPhoneSimulator.Deploy.0 = Ad-Hoc|iPhoneSimulator
		{4B9F445E-0018-4E17-95D5-BE7095702834}.Ad-Hoc|x64.ActiveCfg = Ad-Hoc|iPhone
		{4B9F445E-0018-4E17-95D5-BE7095702834}.Ad-Hoc|x64.Build.0 = Ad-Hoc|iPhone
		{4B9F445E-0018-4E17-95D5-BE7095702834}.Ad-Hoc|x64.Deploy.0 = Ad-Hoc|iPhone
		{4B9F445E-0018-4E17-95D5-BE7095702834}.Ad-Hoc|x86.ActiveCfg = Ad-Hoc|iPhone
		{4B9F445E-0018-4E17-95D5-BE7095702834}.Ad-Hoc|x86.Build.0 = Ad-Hoc|iPhone
		{4B9F445E-0018-4E17-95D5-BE7095702834}.Ad-Hoc|x86.Deploy.0 = Ad-Hoc|iPhone
		{4B9F445E-0018-4E17-95D5-BE7095702834}.AppStore|Any CPU.ActiveCfg = AppStore|iPhone
		{4B9F445E-0018-4E17-95D5-BE7095702834}.AppStore|Any CPU.Build.0 = AppStore|iPhone
		{4B9F445E-0018-4E17-95D5-BE7095702834}.AppStore|Any CPU.Deploy.0 = AppStore|iPhone
		{4B9F445E-0018-4E17-95D5-BE7095702834}.AppStore|ARM.ActiveCfg = AppStore|iPhone
		{4B9F445E-0018-4E17-95D5-BE7095702834}.AppStore|ARM.Build.0 = AppStore|iPhone
		{4B9F445E-0018-4E17-95D5-BE7095702834}.AppStore|ARM.Deploy.0 = AppStore|iPhone
		{4B9F445E-0018-4E17-95D5-BE7095702834}.AppStore|iPhone.ActiveCfg = AppStore|iPhone
		{4B9F445E-0018-4E17-95D5-BE7095702834}.AppStore|iPhone.Build.0 = AppStore|iPhone
		{4B9F445E-0018-4E17-95D5-BE7095702834}.AppStore|iPhone.Deploy.0 = AppStore|iPhone
		{4B9F445E-0018-4E17-95D5-BE7095702834}.AppStore|iPhoneSimulator.ActiveCfg = AppStore|iPhoneSimulator
		{4B9F445E-0018-4E17-95D5-BE7095702834}.AppStore|iPhoneSimulator.Build.0 = AppStore|iPhoneSimulator
		{4B9F445E-0018-4E17-95D5-BE7095702834}.AppStore|iPhoneSimulator.Deploy.0 = AppStore|iPhoneSimulator
		{4B9F445E-0018-4E17-95D5-BE7095702834}.AppStore|x64.ActiveCfg = AppStore|iPhone
		{4B9F445E-0018-4E17-95D5-BE7095702834}.AppStore|x64.Build.0 = AppStore|iPhone
		{4B9F445E-0018-4E17-95D5-BE7095702834}.AppStore|x64.Deploy.0 = AppStore|iPhone
		{4B9F445E-0018-4E17-95D5-BE7095702834}.AppStore|x86.ActiveCfg = AppStore|iPhone
		{4B9F445E-0018-4E17-95D5-BE7095702834}.AppStore|x86.Build.0 = AppStore|iPhone
		{4B9F445E-0018-4E17-95D5-BE7095702834}.AppStore|x86.Deploy.0 = AppStore|iPhone
		{4B9F445E-0018-4E17-95D5-BE7095702834}.Debug|Any CPU.ActiveCfg = Debug|iPhoneSimulator
		{4B9F445E-0018-4E17-95D5-BE7095702834}.Debug|Any CPU.Build.0 = Debug|iPhoneSimulator
		{4B9F445E-0018-4E17-95D5-BE7095702834}.Debug|Any CPU.Deploy.0 = Debug|iPhoneSimulator
		{4B9F445E-0018-4E17-95D5-BE7095702834}.Debug|ARM.ActiveCfg = Debug|iPhone
		{4B9F445E-0018-4E17-95D5-BE7095702834}.Debug|ARM.Build.0 = Debug|iPhone
		{4B9F445E-0018-4E17-95D5-BE7095702834}.Debug|ARM.Deploy.0 = Debug|iPhone
		{4B9F445E-0018-4E17-95D5-BE7095702834}.Debug|iPhone.ActiveCfg = Debug|iPhone
		{4B9F445E-0018-4E17-95D5-BE7095702834}.Debug|iPhone.Build.0 = Debug|iPhone
		{4B9F445E-0018-4E17-95D5-BE7095702834}.Debug|iPhone.Deploy.0 = Debug|iPhone
		{4B9F445E-0018-4E17-95D5-BE7095702834}.Debug|iPhoneSimulator.ActiveCfg = Debug|iPhoneSimulator
		{4B9F445E-0018-4E17-95D5-BE7095702834}.Debug|iPhoneSimulator.Build.0 = Debug|iPhoneSimulator
		{4B9F445E-0018-4E17-95D5-BE7095702834}.Debug|iPhoneSimulator.Deploy.0 = Debug|iPhoneSimulator
		{4B9F445E-0018-4E17-95D5-BE7095702834}.Debug|x64.ActiveCfg = Debug|iPhone
		{4B9F445E-0018-4E17-95D5-BE7095702834}.Debug|x64.Build.0 = Debug|iPhone
		{4B9F445E-0018-4E17-95D5-BE7095702834}.Debug|x64.Deploy.0 = Debug|iPhone
		{4B9F445E-0018-4E17-95D5-BE7095702834}.Debug|x86.ActiveCfg = Debug|iPhone
		{4B9F445E-0018-4E17-95D5-BE7095702834}.Debug|x86.Build.0 = Debug|iPhone
		{4B9F445E-0018-4E17-95D5-BE7095702834}.Debug|x86.Deploy.0 = Debug|iPhone
		{4B9F445E-0018-4E17-95D5-BE7095702834}.Release|Any CPU.ActiveCfg = Release|iPhone
		{4B9F445E-0018-4E17-95D5-BE7095702834}.Release|Any CPU.Build.0 = Release|iPhone
		{4B9F445E-0018-4E17-95D5-BE7095702834}.Release|Any CPU.Deploy.0 = Release|iPhone
		{4B9F445E-0018-4E17-95D5-BE7095702834}.Release|ARM.ActiveCfg = Release|iPhone
		{4B9F445E-0018-4E17-95D5-BE7095702834}.Release|ARM.Build.0 = Release|iPhone
		{4B9F445E-0018-4E17-95D5-BE7095702834}.Release|ARM.Deploy.0 = Release|iPhone
		{4B9F445E-0018-4E17-95D5-BE7095702834}.Release|iPhone.ActiveCfg = Release|iPhone
		{4B9F445E-0018-4E17-95D5-BE7095702834}.Release|iPhone.Build.0 = Release|iPhone
		{4B9F445E-0018-4E17-95D5-BE7095702834}.Release|iPhone.Deploy.0 = Release|iPhone
		{4B9F445E-0018-4E17-95D5-BE7095702834}.Release|iPhoneSimulator.ActiveCfg = Release|iPhoneSimulator
		{4B9F445E-0018-4E17-95D5-BE7095702834}.Release|iPhoneSimulator.Build.0 = Release|iPhoneSimulator
		{4B9F445E-0018-4E17-95D5-BE7095702834}.Release|iPhoneSimulator.Deploy.0 = Release|iPhoneSimulator
		{4B9F445E-0018-4E17-95D5-BE7095702834}.Release|x64.ActiveCfg = Release|iPhone
		{4B9F445E-0018-4E17-95D5-BE7095702834}.Release|x64.Build.0 = Release|iPhone
		{4B9F445E-0018-4E17-95D5-BE7095702834}.Release|x64.Deploy.0 = Release|iPhone
		{4B9F445E-0018-4E17-95D5-BE7095702834}.Release|x86.ActiveCfg = Release|iPhone
		{4B9F445E-0018-4E17-95D5-BE7095702834}.Release|x86.Build.0 = Release|iPhone
		{4B9F445E-0018-4E17-95D5-BE7095702834}.Release|x86.Deploy.0 = Release|iPhone
		{CA528B2F-E72A-4340-B75A-E0EBEEB01FC7}.Ad-Hoc|Any CPU.ActiveCfg = Release|x86
		{CA528B2F-E72A-4340-B75A-E0EBEEB01FC7}.Ad-Hoc|Any CPU.Build.0 = Release|x86
		{CA528B2F-E72A-4340-B75A-E0EBEEB01FC7}.Ad-Hoc|Any CPU.Deploy.0 = Release|x86
		{CA528B2F-E72A-4340-B75A-E0EBEEB01FC7}.Ad-Hoc|ARM.ActiveCfg = Release|ARM
		{CA528B2F-E72A-4340-B75A-E0EBEEB01FC7}.Ad-Hoc|ARM.Build.0 = Release|ARM
		{CA528B2F-E72A-4340-B75A-E0EBEEB01FC7}.Ad-Hoc|ARM.Deploy.0 = Release|ARM
		{CA528B2F-E72A-4340-B75A-E0EBEEB01FC7}.Ad-Hoc|iPhone.ActiveCfg = Release|x86
		{CA528B2F-E72A-4340-B75A-E0EBEEB01FC7}.Ad-Hoc|iPhone.Build.0 = Release|x86
		{CA528B2F-E72A-4340-B75A-E0EBEEB01FC7}.Ad-Hoc|iPhone.Deploy.0 = Release|x86
		{CA528B2F-E72A-4340-B75A-E0EBEEB01FC7}.Ad-Hoc|iPhoneSimulator.ActiveCfg = Release|x86
		{CA528B2F-E72A-4340-B75A-E0EBEEB01FC7}.Ad-Hoc|iPhoneSimulator.Build.0 = Release|x86
		{CA528B2F-E72A-4340-B75A-E0EBEEB01FC7}.Ad-Hoc|iPhoneSimulator.Deploy.0 = Release|x86
		{CA528B2F-E72A-4340-B75A-E0EBEEB01FC7}.Ad-Hoc|x64.ActiveCfg = Release|x64
		{CA528B2F-E72A-4340-B75A-E0EBEEB01FC7}.Ad-Hoc|x64.Build.0 = Release|x64
		{CA528B2F-E72A-4340-B75A-E0EBEEB01FC7}.Ad-Hoc|x64.Deploy.0 = Release|x64
		{CA528B2F-E72A-4340-B75A-E0EBEEB01FC7}.Ad-Hoc|x86.ActiveCfg = Release|x86
		{CA528B2F-E72A-4340-B75A-E0EBEEB01FC7}.Ad-Hoc|x86.Build.0 = Release|x86
		{CA528B2F-E72A-4340-B75A-E0EBEEB01FC7}.Ad-Hoc|x86.Deploy.0 = Release|x86
		{CA528B2F-E72A-4340-B75A-E0EBEEB01FC7}.AppStore|Any CPU.ActiveCfg = Release|x86
		{CA528B2F-E72A-4340-B75A-E0EBEEB01FC7}.AppStore|Any CPU.Build.0 = Release|x86
		{CA528B2F-E72A-4340-B75A-E0EBEEB01FC7}.AppStore|Any CPU.Deploy.0 = Release|x86
		{CA528B2F-E72A-4340-B75A-E0EBEEB01FC7}.AppStore|ARM.ActiveCfg = Release|ARM
		{CA528B2F-E72A-4340-B75A-E0EBEEB01FC7}.AppStore|ARM.Build.0 = Release|ARM
		{CA528B2F-E72A-4340-B75A-E0EBEEB01FC7}.AppStore|ARM.Deploy.0 = Release|ARM
		{CA528B2F-E72A-4340-B75A-E0EBEEB01FC7}.AppStore|iPhone.ActiveCfg = Release|x86
		{CA528B2F-E72A-4340-B75A-E0EBEEB01FC7}.AppStore|iPhone.Build.0 = Release|x86
		{CA528B2F-E72A-4340-B75A-E0EBEEB01FC7}.AppStore|iPhone.Deploy.0 = Release|x86
		{CA528B2F-E72A-4340-B75A-E0EBEEB01FC7}.AppStore|iPhoneSimulator.ActiveCfg = Release|x86
		{CA528B2F-E72A-4340-B75A-E0EBEEB01FC7}.AppStore|iPhoneSimulator.Build.0 = Release|x86
		{CA528B2F-E72A-4340-B75A-E0EBEEB01FC7}.AppStore|iPhoneSimulator.Deploy.0 = Release|x86
		{CA528B2F-E72A-4340-B75A-E0EBEEB01FC7}.AppStore|x64.ActiveCfg = Release|x64
		{CA528B2F-E72A-4340-B75A-E0EBEEB01FC7}.AppStore|x64.Build.0 = Release|x64
		{CA528B2F-E72A-4340-B75A-E0EBEEB01FC7}.AppStore|x64.Deploy.0 = Release|x64
		{CA528B2F-E72A-4340-B75A-E0EBEEB01FC7}.AppStore|x86.ActiveCfg = Release|x86
		{CA528B2F-E72A-4340-B75A-E0EBEEB01FC7}.AppStore|x86.Build.0 = Release|x86
		{CA528B2F-E72A-4340-B75A-E0EBEEB01FC7}.AppStore|x86.Deploy.0 = Release|x86
		{CA528B2F-E72A-4340-B75A-E0EBEEB01FC7}.Debug|Any CPU.ActiveCfg = Debug|x86
		{CA528B2F-E72A-4340-B75A-E0EBEEB01FC7}.Debug|Any CPU.Build.0 = Debug|x86
		{CA528B2F-E72A-4340-B75A-E0EBEEB01FC7}.Debug|Any CPU.Deploy.0 = Debug|x86
		{CA528B2F-E72A-4340-B75A-E0EBEEB01FC7}.Debug|ARM.ActiveCfg = Debug|ARM
		{CA528B2F-E72A-4340-B75A-E0EBEEB01FC7}.Debug|ARM.Build.0 = Debug|ARM
		{CA528B2F-E72A-4340-B75A-E0EBEEB01FC7}.Debug|ARM.Deploy.0 = Debug|ARM
		{CA528B2F-E72A-4340-B75A-E0EBEEB01FC7}.Debug|iPhone.ActiveCfg = Debug|x86
		{CA528B2F-E72A-4340-B75A-E0EBEEB01FC7}.Debug|iPhone.Build.0 = Debug|x86
		{CA528B2F-E72A-4340-B75A-E0EBEEB01FC7}.Debug|iPhone.Deploy.0 = Debug|x86
		{CA528B2F-E72A-4340-B75A-E0EBEEB01FC7}.Debug|iPhoneSimulator.ActiveCfg = Debug|x86
		{CA528B2F-E72A-4340-B75A-E0EBEEB01FC7}.Debug|iPhoneSimulator.Build.0 = Debug|x86
		{CA528B2F-E72A-4340-B75A-E0EBEEB01FC7}.Debug|iPhoneSimulator.Deploy.0 = Debug|x86
		{CA528B2F-E72A-4340-B75A-E0EBEEB01FC7}.Debug|x64.ActiveCfg = Debug|x64
		{CA528B2F-E72A-4340-B75A-E0EBEEB01FC7}.Debug|x64.Build.0 = Debug|x64
		{CA528B2F-E72A-4340-B75A-E0EBEEB01FC7}.Debug|x64.Deploy.0 = Debug|x64
		{CA528B2F-E72A-4340-B75A-E0EBEEB01FC7}.Debug|x86.ActiveCfg = Debug|x86
		{CA528B2F-E72A-4340-B75A-E0EBEEB01FC7}.Debug|x86.Build.0 = Debug|x86
		{CA528B2F-E72A-4340-B75A-E0EBEEB01FC7}.Debug|x86.Deploy.0 = Debug|x86
		{CA528B2F-E72A-4340-B75A-E0EBEEB01FC7}.Release|Any CPU.ActiveCfg = Release|x86
		{CA528B2F-E72A-4340-B75A-E0EBEEB01FC7}.Release|Any CPU.Build.0 = Release|x86
		{CA528B2F-E72A-4340-B75A-E0EBEEB01FC7}.Release|Any CPU.Deploy.0 = Release|x86
		{CA528B2F-E72A-4340-B75A-E0EBEEB01FC7}.Release|ARM.ActiveCfg = Release|ARM
		{CA528B2F-E72A-4340-B75A-E0EBEEB01FC7}.Release|ARM.Build.0 = Release|ARM
		{CA528B2F-E72A-4340-B75A-E0EBEEB01FC7}.Release|ARM.Deploy.0 = Release|ARM
		{CA528B2F-E72A-4340-B75A-E0EBEEB01FC7}.Release|iPhone.ActiveCfg = Release|x86
		{CA528B2F-E72A-4340-B75A-E0EBEEB01FC7}.Release|iPhone.Build.0 = Release|x86
		{CA528B2F-E72A-4340-B75A-E0EBEEB01FC7}.Release|iPhone.Deploy.0 = Release|x86
		{CA528B2F-E72A-4340-B75A-E0EBEEB01FC7}.Release|iPhoneSimulator.ActiveCfg = Release|x86
		{CA528B2F-E72A-4340-B75A-E0EBEEB01FC7}.Release|iPhoneSimulator.Build.0 = Release|x86
		{CA528B2F-E72A-4340-B75A-E0EBEEB01FC7}.Release|iPhoneSimulator.Deploy.0 = Release|x86
		{CA528B2F-E72A-4340-B75A-E0EBEEB01FC7}.Release|x64.ActiveCfg = Release|x64
		{CA528B2F-E72A-4340-B75A-E0EBEEB01FC7}.Release|x64.Build.0 = Release|x64
		{CA528B2F-E72A-4340-B75A-E0EBEEB01FC7}.Release|x64.Deploy.0 = Release|x64
		{CA528B2F-E72A-4340-B75A-E0EBEEB01FC7}.Release|x86.ActiveCfg = Release|x86
		{CA528B2F-E72A-4340-B75A-E0EBEEB01FC7}.Release|x86.Build.0 = Release|x86
		{CA528B2F-E72A-4340-B75A-E0EBEEB01FC7}.Release|x86.Deploy.0 = Release|x86
		{E20A5FEA-B1FC-4E2E-90F9-15755FD0FA07}.Ad-Hoc|Any CPU.ActiveCfg = Debug|Any CPU
		{E20A5FEA-B1FC-4E2E-90F9-15755FD0FA07}.Ad-Hoc|Any CPU.Build.0 = Debug|Any CPU
		{E20A5FEA-B1FC-4E2E-90F9-15755FD0FA07}.Ad-Hoc|Any CPU.Deploy.0 = Debug|Any CPU
		{E20A5FEA-B1FC-4E2E-90F9-15755FD0FA07}.Ad-Hoc|ARM.ActiveCfg = Debug|Any CPU
		{E20A5FEA-B1FC-4E2E-90F9-15755FD0FA07}.Ad-Hoc|ARM.Build.0 = Debug|Any CPU
		{E20A5FEA-B1FC-4E2E-90F9-15755FD0FA07}.Ad-Hoc|ARM.Deploy.0 = Debug|Any CPU
		{E20A5FEA-B1FC-4E2E-90F9-15755FD0FA07}.Ad-Hoc|iPhone.ActiveCfg = Debug|Any CPU
		{E20A5FEA-B1FC-4E2E-90F9-15755FD0FA07}.Ad-Hoc|iPhone.Build.0 = Debug|Any CPU
		{E20A5FEA-B1FC-4E2E-90F9-15755FD0FA07}.Ad-Hoc|iPhone.Deploy.0 = Debug|Any CPU
		{E20A5FEA-B1FC-4E2E-90F9-15755FD0FA07}.Ad-Hoc|iPhoneSimulator.ActiveCfg = Debug|Any CPU
		{E20A5FEA-B1FC-4E2E-90F9-15755FD0FA07}.Ad-Hoc|iPhoneSimulator.Build.0 = Debug|Any CPU
		{E20A5FEA-B1FC-4E2E-90F9-15755FD0FA07}.Ad-Hoc|iPhoneSimulator.Deploy.0 = Debug|Any CPU
		{E20A5FEA-B1FC-4E2E-90F9-15755FD0FA07}.Ad-Hoc|x64.ActiveCfg = Debug|Any CPU
		{E20A5FEA-B1FC-4E2E-90F9-15755FD0FA07}.Ad-Hoc|x64.Build.0 = Debug|Any CPU
		{E20A5FEA-B1FC-4E2E-90F9-15755FD0FA07}.Ad-Hoc|x64.Deploy.0 = Debug|Any CPU
		{E20A5FEA-B1FC-4E2E-90F9-15755FD0FA07}.Ad-Hoc|x86.ActiveCfg = Debug|Any CPU
		{E20A5FEA-B1FC-4E2E-90F9-15755FD0FA07}.Ad-Hoc|x86.Build.0 = Debug|Any CPU
		{E20A5FEA-B1FC-4E2E-90F9-15755FD0FA07}.Ad-Hoc|x86.Deploy.0 = Debug|Any CPU
		{E20A5FEA-B1FC-4E2E-90F9-15755FD0FA07}.AppStore|Any CPU.ActiveCfg = Debug|Any CPU
		{E20A5FEA-B1FC-4E2E-90F9-15755FD0FA07}.AppStore|Any CPU.Build.0 = Debug|Any CPU
		{E20A5FEA-B1FC-4E2E-90F9-15755FD0FA07}.AppStore|Any CPU.Deploy.0 = Debug|Any CPU
		{E20A5FEA-B1FC-4E2E-90F9-15755FD0FA07}.AppStore|ARM.ActiveCfg = Debug|Any CPU
		{E20A5FEA-B1FC-4E2E-90F9-15755FD0FA07}.AppStore|ARM.Build.0 = Debug|Any CPU
		{E20A5FEA-B1FC-4E2E-90F9-15755FD0FA07}.AppStore|ARM.Deploy.0 = Debug|Any CPU
		{E20A5FEA-B1FC-4E2E-90F9-15755FD0FA07}.AppStore|iPhone.ActiveCfg = Debug|Any CPU
		{E20A5FEA-B1FC-4E2E-90F9-15755FD0FA07}.AppStore|iPhone.Build.0 = Debug|Any CPU
		{E20A5FEA-B1FC-4E2E-90F9-15755FD0FA07}.AppStore|iPhone.Deploy.0 = Debug|Any CPU
		{E20A5FEA-B1FC-4E2E-90F9-15755FD0FA07}.AppStore|iPhoneSimulator.ActiveCfg = Debug|Any CPU
		{E20A5FEA-B1FC-4E2E-90F9-15755FD0FA07}.AppStore|iPhoneSimulator.Build.0 = Debug|Any CPU
		{E20A5FEA-B1FC-4E2E-90F9-15755FD0FA07}.AppStore|iPhoneSimulator.Deploy.0 = Debug|Any CPU
		{E20A5FEA-B1FC-4E2E-90F9-15755FD0FA07}.AppStore|x64.ActiveCfg = Debug|Any CPU
		{E20A5FEA-B1FC-4E2E-90F9-15755FD0FA07}.AppStore|x64.Build.0 = Debug|Any CPU
		{E20A5FEA-B1FC-4E2E-90F9-15755FD0FA07}.AppStore|x64.Deploy.0 = Debug|Any CPU
		{E20A5FEA-B1FC-4E2E-90F9-15755FD0FA07}.AppStore|x86.ActiveCfg = Debug|Any CPU
		{E20A5FEA-B1FC-4E2E-90F9-15755FD0FA07}.AppStore|x86.Build.0 = Debug|Any CPU
		{E20A5FEA-B1FC-4E2E-90F9-15755FD0FA07}.AppStore|x86.Deploy.0 = Debug|Any CPU
		{E20A5FEA-B1FC-4E2E-90F9-15755FD0FA07}.Debug|Any CPU.ActiveCfg = Debug|Any CPU
		{E20A5FEA-B1FC-4E2E-90F9-15755FD0FA07}.Debug|Any CPU.Build.0 = Debug|Any CPU
		{E20A5FEA-B1FC-4E2E-90F9-15755FD0FA07}.Debug|Any CPU.Deploy.0 = Debug|Any CPU
		{E20A5FEA-B1FC-4E2E-90F9-15755FD0FA07}.Debug|ARM.ActiveCfg = Debug|Any CPU
		{E20A5FEA-B1FC-4E2E-90F9-15755FD0FA07}.Debug|ARM.Build.0 = Debug|Any CPU
		{E20A5FEA-B1FC-4E2E-90F9-15755FD0FA07}.Debug|ARM.Deploy.0 = Debug|Any CPU
		{E20A5FEA-B1FC-4E2E-90F9-15755FD0FA07}.Debug|iPhone.ActiveCfg = Debug|Any CPU
		{E20A5FEA-B1FC-4E2E-90F9-15755FD0FA07}.Debug|iPhone.Build.0 = Debug|Any CPU
		{E20A5FEA-B1FC-4E2E-90F9-15755FD0FA07}.Debug|iPhone.Deploy.0 = Debug|Any CPU
		{E20A5FEA-B1FC-4E2E-90F9-15755FD0FA07}.Debug|iPhoneSimulator.ActiveCfg = Debug|Any CPU
		{E20A5FEA-B1FC-4E2E-90F9-15755FD0FA07}.Debug|iPhoneSimulator.Build.0 = Debug|Any CPU
		{E20A5FEA-B1FC-4E2E-90F9-15755FD0FA07}.Debug|iPhoneSimulator.Deploy.0 = Debug|Any CPU
		{E20A5FEA-B1FC-4E2E-90F9-15755FD0FA07}.Debug|x64.ActiveCfg = Debug|Any CPU
		{E20A5FEA-B1FC-4E2E-90F9-15755FD0FA07}.Debug|x64.Build.0 = Debug|Any CPU
		{E20A5FEA-B1FC-4E2E-90F9-15755FD0FA07}.Debug|x64.Deploy.0 = Debug|Any CPU
		{E20A5FEA-B1FC-4E2E-90F9-15755FD0FA07}.Debug|x86.ActiveCfg = Debug|Any CPU
		{E20A5FEA-B1FC-4E2E-90F9-15755FD0FA07}.Debug|x86.Build.0 = Debug|Any CPU
		{E20A5FEA-B1FC-4E2E-90F9-15755FD0FA07}.Debug|x86.Deploy.0 = Debug|Any CPU
		{E20A5FEA-B1FC-4E2E-90F9-15755FD0FA07}.Release|Any CPU.ActiveCfg = Release|Any CPU
		{E20A5FEA-B1FC-4E2E-90F9-15755FD0FA07}.Release|Any CPU.Build.0 = Release|Any CPU
		{E20A5FEA-B1FC-4E2E-90F9-15755FD0FA07}.Release|Any CPU.Deploy.0 = Release|Any CPU
		{E20A5FEA-B1FC-4E2E-90F9-15755FD0FA07}.Release|ARM.ActiveCfg = Release|Any CPU
		{E20A5FEA-B1FC-4E2E-90F9-15755FD0FA07}.Release|ARM.Build.0 = Release|Any CPU
		{E20A5FEA-B1FC-4E2E-90F9-15755FD0FA07}.Release|ARM.Deploy.0 = Release|Any CPU
		{E20A5FEA-B1FC-4E2E-90F9-15755FD0FA07}.Release|iPhone.ActiveCfg = Release|Any CPU
		{E20A5FEA-B1FC-4E2E-90F9-15755FD0FA07}.Release|iPhone.Build.0 = Release|Any CPU
		{E20A5FEA-B1FC-4E2E-90F9-15755FD0FA07}.Release|iPhone.Deploy.0 = Release|Any CPU
		{E20A5FEA-B1FC-4E2E-90F9-15755FD0FA07}.Release|iPhoneSimulator.ActiveCfg = Release|Any CPU
		{E20A5FEA-B1FC-4E2E-90F9-15755FD0FA07}.Release|iPhoneSimulator.Build.0 = Release|Any CPU
		{E20A5FEA-B1FC-4E2E-90F9-15755FD0FA07}.Release|iPhoneSimulator.Deploy.0 = Release|Any CPU
		{E20A5FEA-B1FC-4E2E-90F9-15755FD0FA07}.Release|x64.ActiveCfg = Release|Any CPU
		{E20A5FEA-B1FC-4E2E-90F9-15755FD0FA07}.Release|x64.Build.0 = Release|Any CPU
		{E20A5FEA-B1FC-4E2E-90F9-15755FD0FA07}.Release|x64.Deploy.0 = Release|Any CPU
		{E20A5FEA-B1FC-4E2E-90F9-15755FD0FA07}.Release|x86.ActiveCfg = Release|Any CPU
		{E20A5FEA-B1FC-4E2E-90F9-15755FD0FA07}.Release|x86.Build.0 = Release|Any CPU
		{E20A5FEA-B1FC-4E2E-90F9-15755FD0FA07}.Release|x86.Deploy.0 = Release|Any CPU
	EndGlobalSection
	GlobalSection(SolutionProperties) = preSolution
		HideSolutionNode = FALSE
	EndGlobalSection
	GlobalSection(ExtensibilityGlobals) = postSolution
		SolutionGuid = {C6391929-03FC-4A67-9CB5-17A09A8ADF17}
	EndGlobalSection
EndGlobal
